
Microsoft Visual Studio Solution File, Format Version 12.00
# Visual Studio Version 17
VisualStudioVersion = 17.0.31903.59
MinimumVisualStudioVersion = 10.0.40219.1
Project("{2150E333-8FDC-42A3-9474-1A3956D46DE8}") = "src", "src", "{D7DF088E-5BA0-44C3-AABD-DD67A10C3973}"
EndProject
Project("{9A19103F-16F7-4668-BE54-9A1E7A4F7556}") = "SnackHub.Payment.Api", "src\SnackHub.Payment.Api\SnackHub.Payment.Api.csproj", "{24EBD8F2-5488-4AD6-8C8F-666091593664}"
EndProject
Project("{9A19103F-16F7-4668-BE54-9A1E7A4F7556}") = "SnackHub.Payment.Application", "src\SnackHub.Payment.Application\SnackHub.Payment.Application.csproj", "{EB1FA8B6-9011-4622-8522-7577183A1AE4}"
EndProject
Project("{9A19103F-16F7-4668-BE54-9A1E7A4F7556}") = "SnackHub.Payment.Domain", "src\SnackHub.Payment.Domain\SnackHub.Payment.Domain.csproj", "{9833A5E5-23B1-418E-88C4-B3E1639600EE}"
EndProject
Project("{9A19103F-16F7-4668-BE54-9A1E7A4F7556}") = "SnackHub.Payment.Ioc", "src\SnackHub.Payment.Ioc\SnackHub.Payment.Ioc.csproj", "{D470ED5C-CDAF-4944-B3BB-76EDF8ED579E}"
EndProject
Project("{2150E333-8FDC-42A3-9474-1A3956D46DE8}") = "test", "test", "{9363B179-3CB4-4A1A-86C7-A4A92F81359B}"
EndProject
Project("{9A19103F-16F7-4668-BE54-9A1E7A4F7556}") = "SnackHub.Payment.Test", "test\SnackHub.Payment.Test\SnackHub.Payment.Test.csproj", "{EDD57039-7EE1-44A8-8623-1DBFFC642AC6}"
EndProject
Project("{E53339B2-1760-4266-BCC7-CA923CBCF16C}") = "docker-compose", "docker-compose.dcproj", "{23724D95-9BE9-4E4A-B87D-E9EC9B641C3E}"
EndProject
Global
	GlobalSection(SolutionConfigurationPlatforms) = preSolution
		Debug|Any CPU = Debug|Any CPU
		Release|Any CPU = Release|Any CPU
	EndGlobalSection
	GlobalSection(ProjectConfigurationPlatforms) = postSolution
		{24EBD8F2-5488-4AD6-8C8F-666091593664}.Debug|Any CPU.ActiveCfg = Debug|Any CPU
		{24EBD8F2-5488-4AD6-8C8F-666091593664}.Debug|Any CPU.Build.0 = Debug|Any CPU
		{24EBD8F2-5488-4AD6-8C8F-666091593664}.Release|Any CPU.ActiveCfg = Release|Any CPU
		{24EBD8F2-5488-4AD6-8C8F-666091593664}.Release|Any CPU.Build.0 = Release|Any CPU
		{EB1FA8B6-9011-4622-8522-7577183A1AE4}.Debug|Any CPU.ActiveCfg = Debug|Any CPU
		{EB1FA8B6-9011-4622-8522-7577183A1AE4}.Debug|Any CPU.Build.0 = Debug|Any CPU
		{EB1FA8B6-9011-4622-8522-7577183A1AE4}.Release|Any CPU.ActiveCfg = Release|Any CPU
		{EB1FA8B6-9011-4622-8522-7577183A1AE4}.Release|Any CPU.Build.0 = Release|Any CPU
		{9833A5E5-23B1-418E-88C4-B3E1639600EE}.Debug|Any CPU.ActiveCfg = Debug|Any CPU
		{9833A5E5-23B1-418E-88C4-B3E1639600EE}.Debug|Any CPU.Build.0 = Debug|Any CPU
		{9833A5E5-23B1-418E-88C4-B3E1639600EE}.Release|Any CPU.ActiveCfg = Release|Any CPU
		{9833A5E5-23B1-418E-88C4-B3E1639600EE}.Release|Any CPU.Build.0 = Release|Any CPU
		{D470ED5C-CDAF-4944-B3BB-76EDF8ED579E}.Debug|Any CPU.ActiveCfg = Debug|Any CPU
		{D470ED5C-CDAF-4944-B3BB-76EDF8ED579E}.Debug|Any CPU.Build.0 = Debug|Any CPU
		{D470ED5C-CDAF-4944-B3BB-76EDF8ED579E}.Release|Any CPU.ActiveCfg = Release|Any CPU
		{D470ED5C-CDAF-4944-B3BB-76EDF8ED579E}.Release|Any CPU.Build.0 = Release|Any CPU
		{EDD57039-7EE1-44A8-8623-1DBFFC642AC6}.Debug|Any CPU.ActiveCfg = Debug|Any CPU
		{EDD57039-7EE1-44A8-8623-1DBFFC642AC6}.Debug|Any CPU.Build.0 = Debug|Any CPU
		{EDD57039-7EE1-44A8-8623-1DBFFC642AC6}.Release|Any CPU.ActiveCfg = Release|Any CPU
		{EDD57039-7EE1-44A8-8623-1DBFFC642AC6}.Release|Any CPU.Build.0 = Release|Any CPU
		{23724D95-9BE9-4E4A-B87D-E9EC9B641C3E}.Debug|Any CPU.ActiveCfg = Debug|Any CPU
		{23724D95-9BE9-4E4A-B87D-E9EC9B641C3E}.Debug|Any CPU.Build.0 = Debug|Any CPU
		{23724D95-9BE9-4E4A-B87D-E9EC9B641C3E}.Release|Any CPU.ActiveCfg = Release|Any CPU
		{23724D95-9BE9-4E4A-B87D-E9EC9B641C3E}.Release|Any CPU.Build.0 = Release|Any CPU
	EndGlobalSection
	GlobalSection(SolutionProperties) = preSolution
		HideSolutionNode = FALSE
	EndGlobalSection
	GlobalSection(NestedProjects) = preSolution
		{24EBD8F2-5488-4AD6-8C8F-666091593664} = {D7DF088E-5BA0-44C3-AABD-DD67A10C3973}
		{EB1FA8B6-9011-4622-8522-7577183A1AE4} = {D7DF088E-5BA0-44C3-AABD-DD67A10C3973}
		{9833A5E5-23B1-418E-88C4-B3E1639600EE} = {D7DF088E-5BA0-44C3-AABD-DD67A10C3973}
		{D470ED5C-CDAF-4944-B3BB-76EDF8ED579E} = {D7DF088E-5BA0-44C3-AABD-DD67A10C3973}
		{EDD57039-7EE1-44A8-8623-1DBFFC642AC6} = {9363B179-3CB4-4A1A-86C7-A4A92F81359B}
	EndGlobalSection
EndGlobal
